
Microsoft Visual Studio Solution File, Format Version 12.00
# Visual Studio Version 16
VisualStudioVersion = 16.0.30428.66
MinimumVisualStudioVersion = 10.0.40219.1
Project("{FAE04EC0-301F-11D3-BF4B-00C04F79EFBC}") = "PALConsoleTest", "PALConsoleTest.csproj", "{9E2FCA3E-C839-4283-8D60-13AFD21F0C0F}"
EndProject
Global
	GlobalSection(SolutionConfigurationPlatforms) = preSolution
		Debug|Any CPU = Debug|Any CPU
		Release|Any CPU = Release|Any CPU
	EndGlobalSection
	GlobalSection(ProjectConfigurationPlatforms) = postSolution
		{9E2FCA3E-C839-4283-8D60-13AFD21F0C0F}.Debug|Any CPU.ActiveCfg = Debug|Any CPU
		{9E2FCA3E-C839-4283-8D60-13AFD21F0C0F}.Debug|Any CPU.Build.0 = Debug|Any CPU
		{9E2FCA3E-C839-4283-8D60-13AFD21F0C0F}.Release|Any CPU.ActiveCfg = Release|Any CPU
		{9E2FCA3E-C839-4283-8D60-13AFD21F0C0F}.Release|Any CPU.Build.0 = Release|Any CPU
	EndGlobalSection
	GlobalSection(SolutionProperties) = preSolution
		HideSolutionNode = FALSE
	EndGlobalSection
	GlobalSection(ExtensibilityGlobals) = postSolution
		SolutionGuid = {77643190-8851-4EFF-B2D6-398A8D9A2D5A}
	EndGlobalSection
EndGlobal
